// !$*UTF8*$!
{
	archiveVersion = 1;
	classes = {
	};
	objectVersion = 77;
	objects = {

/* Begin PBXBuildFile section */
		B044342A2EAE952C00B6BB9B /* HomeScreen.swift in Sources */ = {isa = PBXBuildFile; fileRef = B04434292EAE952C00B6BB9B /* HomeScreen.swift */; };
		B05476BA2EAD08CD005293B9 /* RestaurantRowView.swift in Sources */ = {isa = PBXBuildFile; fileRef = B05476B92EAD08CD005293B9 /* RestaurantRowView.swift */; };
		B05476BC2EAD0C12005293B9 /* Rating+Enum.swift in Sources */ = {isa = PBXBuildFile; fileRef = B05476BB2EAD0C12005293B9 /* Rating+Enum.swift */; };
		B05476BE2EAD0D1B005293B9 /* ReviewView.swift in Sources */ = {isa = PBXBuildFile; fileRef = B05476BD2EAD0D1B005293B9 /* ReviewView.swift */; };
		B05476C02EAD405F005293B9 /* NewRestaurantScreen.swift in Sources */ = {isa = PBXBuildFile; fileRef = B05476BF2EAD405F005293B9 /* NewRestaurantScreen.swift */; };
		B05476C22EAD4212005293B9 /* FormTextField.swift in Sources */ = {isa = PBXBuildFile; fileRef = B05476C12EAD4212005293B9 /* FormTextField.swift */; };
		B05476C42EAD438D005293B9 /* FormTextView.swift in Sources */ = {isa = PBXBuildFile; fileRef = B05476C32EAD438D005293B9 /* FormTextView.swift */; };
		B05476C62EAD4517005293B9 /* PhotoSource+Enum.swift in Sources */ = {isa = PBXBuildFile; fileRef = B05476C52EAD4517005293B9 /* PhotoSource+Enum.swift */; };
		B05476C82EAD4613005293B9 /* ImagePicker.swift in Sources */ = {isa = PBXBuildFile; fileRef = B05476C72EAD4613005293B9 /* ImagePicker.swift */; };
		B05476CA2EAD4891005293B9 /* CameraPicker.swift in Sources */ = {isa = PBXBuildFile; fileRef = B05476C92EAD4891005293B9 /* CameraPicker.swift */; };
		B05476CC2EAD70CB005293B9 /* RestaurantFormViewModel.swift in Sources */ = {isa = PBXBuildFile; fileRef = B05476CB2EAD70CB005293B9 /* RestaurantFormViewModel.swift */; };
		B05476D12EAD8042005293B9 /* TutorialScreen.swift in Sources */ = {isa = PBXBuildFile; fileRef = B05476D02EAD8042005293B9 /* TutorialScreen.swift */; };
		B05476D32EAD8134005293B9 /* TutorialPage.swift in Sources */ = {isa = PBXBuildFile; fileRef = B05476D22EAD8134005293B9 /* TutorialPage.swift */; };
		F43FA44E2EA90D68004CB0B2 /* RestaurantModel.swift in Sources */ = {isa = PBXBuildFile; fileRef = F43FA44D2EA90D68004CB0B2 /* RestaurantModel.swift */; };
		F43FA4512EA92855004CB0B2 /* ActivityView.swift in Sources */ = {isa = PBXBuildFile; fileRef = F43FA4502EA92855004CB0B2 /* ActivityView.swift */; };
		F43FA4532EA93E5D004CB0B2 /* RestaurantDetailScreen.swift in Sources */ = {isa = PBXBuildFile; fileRef = F43FA4522EA93E5D004CB0B2 /* RestaurantDetailScreen.swift */; };
		F43FA4582EA9431B004CB0B2 /* Nunito-Regular.ttf in Resources */ = {isa = PBXBuildFile; fileRef = F43FA4572EA9431B004CB0B2 /* Nunito-Regular.ttf */; };
		F43FA4592EA9431B004CB0B2 /* Nunito-Bold.ttf in Resources */ = {isa = PBXBuildFile; fileRef = F43FA4562EA9431B004CB0B2 /* Nunito-Bold.ttf */; };
		F43FA45D2EA947FC004CB0B2 /* UIColor+Ext.swift in Sources */ = {isa = PBXBuildFile; fileRef = F43FA45C2EA947FC004CB0B2 /* UIColor+Ext.swift */; };
		F43FA45F2EA94BFA004CB0B2 /* MapView.swift in Sources */ = {isa = PBXBuildFile; fileRef = F43FA45E2EA94BFA004CB0B2 /* MapView.swift */; };
		F4A646162EA7BFC0002A9EBD /* Assets.xcassets in Resources */ = {isa = PBXBuildFile; fileRef = F4A646122EA7BFC0002A9EBD /* Assets.xcassets */; };
		F4A646172EA7BFC0002A9EBD /* RestaurantsListView.swift in Sources */ = {isa = PBXBuildFile; fileRef = F4A646132EA7BFC0002A9EBD /* RestaurantsListView.swift */; };
		F4A646182EA7BFC0002A9EBD /* FoodsPinApp.swift in Sources */ = {isa = PBXBuildFile; fileRef = F4A646142EA7BFC0002A9EBD /* FoodsPinApp.swift */; };
/* End PBXBuildFile section */

/* Begin PBXFileReference section */
		B04434292EAE952C00B6BB9B /* HomeScreen.swift */ = {isa = PBXFileReference; lastKnownFileType = sourcecode.swift; path = HomeScreen.swift; sourceTree = "<group>"; };
		B05476B92EAD08CD005293B9 /* RestaurantRowView.swift */ = {isa = PBXFileReference; lastKnownFileType = sourcecode.swift; path = RestaurantRowView.swift; sourceTree = "<group>"; };
		B05476BB2EAD0C12005293B9 /* Rating+Enum.swift */ = {isa = PBXFileReference; lastKnownFileType = sourcecode.swift; path = "Rating+Enum.swift"; sourceTree = "<group>"; };
		B05476BD2EAD0D1B005293B9 /* ReviewView.swift */ = {isa = PBXFileReference; lastKnownFileType = sourcecode.swift; path = ReviewView.swift; sourceTree = "<group>"; };
		B05476BF2EAD405F005293B9 /* NewRestaurantScreen.swift */ = {isa = PBXFileReference; lastKnownFileType = sourcecode.swift; path = NewRestaurantScreen.swift; sourceTree = "<group>"; };
		B05476C12EAD4212005293B9 /* FormTextField.swift */ = {isa = PBXFileReference; lastKnownFileType = sourcecode.swift; path = FormTextField.swift; sourceTree = "<group>"; };
		B05476C32EAD438D005293B9 /* FormTextView.swift */ = {isa = PBXFileReference; lastKnownFileType = sourcecode.swift; path = FormTextView.swift; sourceTree = "<group>"; };
		B05476C52EAD4517005293B9 /* PhotoSource+Enum.swift */ = {isa = PBXFileReference; lastKnownFileType = sourcecode.swift; path = "PhotoSource+Enum.swift"; sourceTree = "<group>"; };
		B05476C72EAD4613005293B9 /* ImagePicker.swift */ = {isa = PBXFileReference; lastKnownFileType = sourcecode.swift; path = ImagePicker.swift; sourceTree = "<group>"; };
		B05476C92EAD4891005293B9 /* CameraPicker.swift */ = {isa = PBXFileReference; lastKnownFileType = sourcecode.swift; path = CameraPicker.swift; sourceTree = "<group>"; };
		B05476CB2EAD70CB005293B9 /* RestaurantFormViewModel.swift */ = {isa = PBXFileReference; lastKnownFileType = sourcecode.swift; path = RestaurantFormViewModel.swift; sourceTree = "<group>"; };
		B05476D02EAD8042005293B9 /* TutorialScreen.swift */ = {isa = PBXFileReference; lastKnownFileType = sourcecode.swift; path = TutorialScreen.swift; sourceTree = "<group>"; };
		B05476D22EAD8134005293B9 /* TutorialPage.swift */ = {isa = PBXFileReference; lastKnownFileType = sourcecode.swift; path = TutorialPage.swift; sourceTree = "<group>"; };
		F43FA44D2EA90D68004CB0B2 /* RestaurantModel.swift */ = {isa = PBXFileReference; lastKnownFileType = sourcecode.swift; path = RestaurantModel.swift; sourceTree = "<group>"; };
		F43FA4502EA92855004CB0B2 /* ActivityView.swift */ = {isa = PBXFileReference; lastKnownFileType = sourcecode.swift; path = ActivityView.swift; sourceTree = "<group>"; };
		F43FA4522EA93E5D004CB0B2 /* RestaurantDetailScreen.swift */ = {isa = PBXFileReference; lastKnownFileType = sourcecode.swift; path = RestaurantDetailScreen.swift; sourceTree = "<group>"; };
		F43FA4562EA9431B004CB0B2 /* Nunito-Bold.ttf */ = {isa = PBXFileReference; lastKnownFileType = file; path = "Nunito-Bold.ttf"; sourceTree = "<group>"; };
		F43FA4572EA9431B004CB0B2 /* Nunito-Regular.ttf */ = {isa = PBXFileReference; lastKnownFileType = file; path = "Nunito-Regular.ttf"; sourceTree = "<group>"; };
		F43FA45A2EA9435D004CB0B2 /* Info.plist */ = {isa = PBXFileReference; lastKnownFileType = text.plist; path = Info.plist; sourceTree = "<group>"; };
		F43FA45C2EA947FC004CB0B2 /* UIColor+Ext.swift */ = {isa = PBXFileReference; lastKnownFileType = sourcecode.swift; path = "UIColor+Ext.swift"; sourceTree = "<group>"; };
		F43FA45E2EA94BFA004CB0B2 /* MapView.swift */ = {isa = PBXFileReference; lastKnownFileType = sourcecode.swift; path = MapView.swift; sourceTree = "<group>"; };
		F4A646042EA7BFA9002A9EBD /* FoodsPin.app */ = {isa = PBXFileReference; explicitFileType = wrapper.application; includeInIndex = 0; path = FoodsPin.app; sourceTree = BUILT_PRODUCTS_DIR; };
		F4A646122EA7BFC0002A9EBD /* Assets.xcassets */ = {isa = PBXFileReference; lastKnownFileType = folder.assetcatalog; path = Assets.xcassets; sourceTree = "<group>"; };
		F4A646132EA7BFC0002A9EBD /* RestaurantsListView.swift */ = {isa = PBXFileReference; lastKnownFileType = sourcecode.swift; path = RestaurantsListView.swift; sourceTree = "<group>"; };
		F4A646142EA7BFC0002A9EBD /* FoodsPinApp.swift */ = {isa = PBXFileReference; lastKnownFileType = sourcecode.swift; path = FoodsPinApp.swift; sourceTree = "<group>"; };
/* End PBXFileReference section */

/* Begin PBXFrameworksBuildPhase section */
		F4A646012EA7BFA9002A9EBD /* Frameworks */ = {
			isa = PBXFrameworksBuildPhase;
			buildActionMask = 2147483647;
			files = (
			);
			runOnlyForDeploymentPostprocessing = 0;
		};
/* End PBXFrameworksBuildPhase section */

/* Begin PBXGroup section */
		B05476CD2EAD70D4005293B9 /* Restaurant */ = {
			isa = PBXGroup;
			children = (
				F4A646132EA7BFC0002A9EBD /* RestaurantsListView.swift */,
				F43FA4522EA93E5D004CB0B2 /* RestaurantDetailScreen.swift */,
				B05476BF2EAD405F005293B9 /* NewRestaurantScreen.swift */,
				B05476B92EAD08CD005293B9 /* RestaurantRowView.swift */,
				B05476CE2EAD70EB005293B9 /* ViewModel */,
			);
			path = Restaurant;
			sourceTree = "<group>";
		};
		B05476CE2EAD70EB005293B9 /* ViewModel */ = {
			isa = PBXGroup;
			children = (
				B05476CB2EAD70CB005293B9 /* RestaurantFormViewModel.swift */,
			);
			path = ViewModel;
			sourceTree = "<group>";
		};
		B05476CF2EAD8034005293B9 /* Tutorial */ = {
			isa = PBXGroup;
			children = (
				B05476D02EAD8042005293B9 /* TutorialScreen.swift */,
				B05476D22EAD8134005293B9 /* TutorialPage.swift */,
			);
			path = Tutorial;
			sourceTree = "<group>";
		};
		F43FA44B2EA90D49004CB0B2 /* Models */ = {
			isa = PBXGroup;
			children = (
				F43FA44D2EA90D68004CB0B2 /* RestaurantModel.swift */,
			);
			path = Models;
			sourceTree = "<group>";
		};
		F43FA44C2EA90D52004CB0B2 /* Screens */ = {
			isa = PBXGroup;
			children = (
				B04434292EAE952C00B6BB9B /* HomeScreen.swift */,
				B05476CF2EAD8034005293B9 /* Tutorial */,
				B05476CD2EAD70D4005293B9 /* Restaurant */,
			);
			path = Screens;
			sourceTree = "<group>";
		};
		F43FA44F2EA92842004CB0B2 /* UIKit */ = {
			isa = PBXGroup;
			children = (
				F43FA4502EA92855004CB0B2 /* ActivityView.swift */,
				B05476C72EAD4613005293B9 /* ImagePicker.swift */,
				B05476C92EAD4891005293B9 /* CameraPicker.swift */,
			);
			path = UIKit;
			sourceTree = "<group>";
		};
		F43FA4542EA942E4004CB0B2 /* Utilities */ = {
			isa = PBXGroup;
			children = (
				F43FA45B2EA947D6004CB0B2 /* Extensions */,
				F43FA4552EA942F1004CB0B2 /* Fonts */,
			);
			path = Utilities;
			sourceTree = "<group>";
		};
		F43FA4552EA942F1004CB0B2 /* Fonts */ = {
			isa = PBXGroup;
			children = (
				F43FA4562EA9431B004CB0B2 /* Nunito-Bold.ttf */,
				F43FA4572EA9431B004CB0B2 /* Nunito-Regular.ttf */,
			);
			path = Fonts;
			sourceTree = "<group>";
		};
		F43FA45B2EA947D6004CB0B2 /* Extensions */ = {
			isa = PBXGroup;
			children = (
				F43FA45C2EA947FC004CB0B2 /* UIColor+Ext.swift */,
				B05476BB2EAD0C12005293B9 /* Rating+Enum.swift */,
				B05476C52EAD4517005293B9 /* PhotoSource+Enum.swift */,
			);
			path = Extensions;
			sourceTree = "<group>";
		};
		F43FA4602EA94C0B004CB0B2 /* Components */ = {
			isa = PBXGroup;
			children = (
				F43FA45E2EA94BFA004CB0B2 /* MapView.swift */,
				B05476BD2EAD0D1B005293B9 /* ReviewView.swift */,
				B05476C12EAD4212005293B9 /* FormTextField.swift */,
				B05476C32EAD438D005293B9 /* FormTextView.swift */,
			);
			path = Components;
			sourceTree = "<group>";
		};
		F4A645FB2EA7BFA9002A9EBD = {
			isa = PBXGroup;
			children = (
				F4A646152EA7BFC0002A9EBD /* FoodsPin */,
				F4A646052EA7BFA9002A9EBD /* Products */,
			);
			sourceTree = "<group>";
		};
		F4A646052EA7BFA9002A9EBD /* Products */ = {
			isa = PBXGroup;
			children = (
				F4A646042EA7BFA9002A9EBD /* FoodsPin.app */,
			);
			name = Products;
			sourceTree = "<group>";
		};
		F4A646152EA7BFC0002A9EBD /* FoodsPin */ = {
			isa = PBXGroup;
			children = (
				F43FA45A2EA9435D004CB0B2 /* Info.plist */,
				F4A646142EA7BFC0002A9EBD /* FoodsPinApp.swift */,
				F43FA4542EA942E4004CB0B2 /* Utilities */,
				F43FA44F2EA92842004CB0B2 /* UIKit */,
				F43FA4602EA94C0B004CB0B2 /* Components */,
				F43FA44B2EA90D49004CB0B2 /* Models */,
				F43FA44C2EA90D52004CB0B2 /* Screens */,
				F4A646122EA7BFC0002A9EBD /* Assets.xcassets */,
			);
			path = FoodsPin;
			sourceTree = "<group>";
		};
/* End PBXGroup section */

/* Begin PBXNativeTarget section */
		F4A646032EA7BFA9002A9EBD /* FoodsPin */ = {
			isa = PBXNativeTarget;
			buildConfigurationList = F4A6460F2EA7BFAA002A9EBD /* Build configuration list for PBXNativeTarget "FoodsPin" */;
			buildPhases = (
				F4A646002EA7BFA9002A9EBD /* Sources */,
				F4A646012EA7BFA9002A9EBD /* Frameworks */,
				F4A646022EA7BFA9002A9EBD /* Resources */,
			);
			buildRules = (
			);
			dependencies = (
			);
			name = FoodsPin;
			packageProductDependencies = (
			);
			productName = FoodsPin;
			productReference = F4A646042EA7BFA9002A9EBD /* FoodsPin.app */;
			productType = "com.apple.product-type.application";
		};
/* End PBXNativeTarget section */

/* Begin PBXProject section */
		F4A645FC2EA7BFA9002A9EBD /* Project object */ = {
			isa = PBXProject;
			attributes = {
				BuildIndependentTargetsInParallel = 1;
				LastSwiftUpdateCheck = 2600;
				LastUpgradeCheck = 2600;
				TargetAttributes = {
					F4A646032EA7BFA9002A9EBD = {
						CreatedOnToolsVersion = 26.0.1;
					};
				};
			};
			buildConfigurationList = F4A645FF2EA7BFA9002A9EBD /* Build configuration list for PBXProject "FoodsPin" */;
			developmentRegion = en;
			hasScannedForEncodings = 0;
			knownRegions = (
				en,
				Base,
			);
			mainGroup = F4A645FB2EA7BFA9002A9EBD;
			minimizedProjectReferenceProxies = 1;
			preferredProjectObjectVersion = 77;
			productRefGroup = F4A646052EA7BFA9002A9EBD /* Products */;
			projectDirPath = "";
			projectRoot = "";
			targets = (
				F4A646032EA7BFA9002A9EBD /* FoodsPin */,
			);
		};
/* End PBXProject section */

/* Begin PBXResourcesBuildPhase section */
		F4A646022EA7BFA9002A9EBD /* Resources */ = {
			isa = PBXResourcesBuildPhase;
			buildActionMask = 2147483647;
			files = (
				F43FA4582EA9431B004CB0B2 /* Nunito-Regular.ttf in Resources */,
				F43FA4592EA9431B004CB0B2 /* Nunito-Bold.ttf in Resources */,
				F4A646162EA7BFC0002A9EBD /* Assets.xcassets in Resources */,
			);
			runOnlyForDeploymentPostprocessing = 0;
		};
/* End PBXResourcesBuildPhase section */

/* Begin PBXSourcesBuildPhase section */
		F4A646002EA7BFA9002A9EBD /* Sources */ = {
			isa = PBXSourcesBuildPhase;
			buildActionMask = 2147483647;
			files = (
				B05476BE2EAD0D1B005293B9 /* ReviewView.swift in Sources */,
				F43FA45F2EA94BFA004CB0B2 /* MapView.swift in Sources */,
				B05476D32EAD8134005293B9 /* TutorialPage.swift in Sources */,
				F4A646172EA7BFC0002A9EBD /* RestaurantsListView.swift in Sources */,
				B05476D12EAD8042005293B9 /* TutorialScreen.swift in Sources */,
				B05476BC2EAD0C12005293B9 /* Rating+Enum.swift in Sources */,
				B05476CA2EAD4891005293B9 /* CameraPicker.swift in Sources */,
				B05476CC2EAD70CB005293B9 /* RestaurantFormViewModel.swift in Sources */,
				F43FA4512EA92855004CB0B2 /* ActivityView.swift in Sources */,
				F43FA44E2EA90D68004CB0B2 /* RestaurantModel.swift in Sources */,
				F43FA45D2EA947FC004CB0B2 /* UIColor+Ext.swift in Sources */,
				B05476C22EAD4212005293B9 /* FormTextField.swift in Sources */,
				F4A646182EA7BFC0002A9EBD /* FoodsPinApp.swift in Sources */,
				B05476C42EAD438D005293B9 /* FormTextView.swift in Sources */,
				B05476BA2EAD08CD005293B9 /* RestaurantRowView.swift in Sources */,
				F43FA4532EA93E5D004CB0B2 /* RestaurantDetailScreen.swift in Sources */,
				B044342A2EAE952C00B6BB9B /* HomeScreen.swift in Sources */,
				B05476C62EAD4517005293B9 /* PhotoSource+Enum.swift in Sources */,
				B05476C02EAD405F005293B9 /* NewRestaurantScreen.swift in Sources */,
				B05476C82EAD4613005293B9 /* ImagePicker.swift in Sources */,
			);
			runOnlyForDeploymentPostprocessing = 0;
		};
/* End PBXSourcesBuildPhase section */

/* Begin XCBuildConfiguration section */
		F4A6460D2EA7BFAA002A9EBD /* Debug */ = {
			isa = XCBuildConfiguration;
			buildSettings = {
				ALWAYS_SEARCH_USER_PATHS = NO;
				ASSETCATALOG_COMPILER_GENERATE_SWIFT_ASSET_SYMBOL_EXTENSIONS = YES;
				CLANG_ANALYZER_NONNULL = YES;
				CLANG_ANALYZER_NUMBER_OBJECT_CONVERSION = YES_AGGRESSIVE;
				CLANG_CXX_LANGUAGE_STANDARD = "gnu++20";
				CLANG_ENABLE_MODULES = YES;
				CLANG_ENABLE_OBJC_ARC = YES;
				CLANG_ENABLE_OBJC_WEAK = YES;
				CLANG_WARN_BLOCK_CAPTURE_AUTORELEASING = YES;
				CLANG_WARN_BOOL_CONVERSION = YES;
				CLANG_WARN_COMMA = YES;
				CLANG_WARN_CONSTANT_CONVERSION = YES;
				CLANG_WARN_DEPRECATED_OBJC_IMPLEMENTATIONS = YES;
				CLANG_WARN_DIRECT_OBJC_ISA_USAGE = YES_ERROR;
				CLANG_WARN_DOCUMENTATION_COMMENTS = YES;
				CLANG_WARN_EMPTY_BODY = YES;
				CLANG_WARN_ENUM_CONVERSION = YES;
				CLANG_WARN_INFINITE_RECURSION = YES;
				CLANG_WARN_INT_CONVERSION = YES;
				CLANG_WARN_NON_LITERAL_NULL_CONVERSION = YES;
				CLANG_WARN_OBJC_IMPLICIT_RETAIN_SELF = YES;
				CLANG_WARN_OBJC_LITERAL_CONVERSION = YES;
				CLANG_WARN_OBJC_ROOT_CLASS = YES_ERROR;
				CLANG_WARN_QUOTED_INCLUDE_IN_FRAMEWORK_HEADER = YES;
				CLANG_WARN_RANGE_LOOP_ANALYSIS = YES;
				CLANG_WARN_STRICT_PROTOTYPES = YES;
				CLANG_WARN_SUSPICIOUS_MOVE = YES;
				CLANG_WARN_UNGUARDED_AVAILABILITY = YES_AGGRESSIVE;
				CLANG_WARN_UNREACHABLE_CODE = YES;
				CLANG_WARN__DUPLICATE_METHOD_MATCH = YES;
				COPY_PHASE_STRIP = NO;
				DEBUG_INFORMATION_FORMAT = dwarf;
				DEVELOPMENT_TEAM = 95H4F25F77;
				ENABLE_STRICT_OBJC_MSGSEND = YES;
				ENABLE_TESTABILITY = YES;
				ENABLE_USER_SCRIPT_SANDBOXING = YES;
				GCC_C_LANGUAGE_STANDARD = gnu17;
				GCC_DYNAMIC_NO_PIC = NO;
				GCC_NO_COMMON_BLOCKS = YES;
				GCC_OPTIMIZATION_LEVEL = 0;
				GCC_PREPROCESSOR_DEFINITIONS = (
					"DEBUG=1",
					"$(inherited)",
				);
				GCC_WARN_64_TO_32_BIT_CONVERSION = YES;
				GCC_WARN_ABOUT_RETURN_TYPE = YES_ERROR;
				GCC_WARN_UNDECLARED_SELECTOR = YES;
				GCC_WARN_UNINITIALIZED_AUTOS = YES_AGGRESSIVE;
				GCC_WARN_UNUSED_FUNCTION = YES;
				GCC_WARN_UNUSED_VARIABLE = YES;
				IPHONEOS_DEPLOYMENT_TARGET = 26.0;
				LOCALIZATION_PREFERS_STRING_CATALOGS = YES;
				MTL_ENABLE_DEBUG_INFO = INCLUDE_SOURCE;
				MTL_FAST_MATH = YES;
				ONLY_ACTIVE_ARCH = YES;
				SDKROOT = iphoneos;
				SWIFT_ACTIVE_COMPILATION_CONDITIONS = "DEBUG $(inherited)";
				SWIFT_OPTIMIZATION_LEVEL = "-Onone";
			};
			name = Debug;
		};
		F4A6460E2EA7BFAA002A9EBD /* Release */ = {
			isa = XCBuildConfiguration;
			buildSettings = {
				ALWAYS_SEARCH_USER_PATHS = NO;
				ASSETCATALOG_COMPILER_GENERATE_SWIFT_ASSET_SYMBOL_EXTENSIONS = YES;
				CLANG_ANALYZER_NONNULL = YES;
				CLANG_ANALYZER_NUMBER_OBJECT_CONVERSION = YES_AGGRESSIVE;
				CLANG_CXX_LANGUAGE_STANDARD = "gnu++20";
				CLANG_ENABLE_MODULES = YES;
				CLANG_ENABLE_OBJC_ARC = YES;
				CLANG_ENABLE_OBJC_WEAK = YES;
				CLANG_WARN_BLOCK_CAPTURE_AUTORELEASING = YES;
				CLANG_WARN_BOOL_CONVERSION = YES;
				CLANG_WARN_COMMA = YES;
				CLANG_WARN_CONSTANT_CONVERSION = YES;
				CLANG_WARN_DEPRECATED_OBJC_IMPLEMENTATIONS = YES;
				CLANG_WARN_DIRECT_OBJC_ISA_USAGE = YES_ERROR;
				CLANG_WARN_DOCUMENTATION_COMMENTS = YES;
				CLANG_WARN_EMPTY_BODY = YES;
				CLANG_WARN_ENUM_CONVERSION = YES;
				CLANG_WARN_INFINITE_RECURSION = YES;
				CLANG_WARN_INT_CONVERSION = YES;
				CLANG_WARN_NON_LITERAL_NULL_CONVERSION = YES;
				CLANG_WARN_OBJC_IMPLICIT_RETAIN_SELF = YES;
				CLANG_WARN_OBJC_LITERAL_CONVERSION = YES;
				CLANG_WARN_OBJC_ROOT_CLASS = YES_ERROR;
				CLANG_WARN_QUOTED_INCLUDE_IN_FRAMEWORK_HEADER = YES;
				CLANG_WARN_RANGE_LOOP_ANALYSIS = YES;
				CLANG_WARN_STRICT_PROTOTYPES = YES;
				CLANG_WARN_SUSPICIOUS_MOVE = YES;
				CLANG_WARN_UNGUARDED_AVAILABILITY = YES_AGGRESSIVE;
				CLANG_WARN_UNREACHABLE_CODE = YES;
				CLANG_WARN__DUPLICATE_METHOD_MATCH = YES;
				COPY_PHASE_STRIP = NO;
				DEBUG_INFORMATION_FORMAT = "dwarf-with-dsym";
				DEVELOPMENT_TEAM = 95H4F25F77;
				ENABLE_NS_ASSERTIONS = NO;
				ENABLE_STRICT_OBJC_MSGSEND = YES;
				ENABLE_USER_SCRIPT_SANDBOXING = YES;
				GCC_C_LANGUAGE_STANDARD = gnu17;
				GCC_NO_COMMON_BLOCKS = YES;
				GCC_WARN_64_TO_32_BIT_CONVERSION = YES;
				GCC_WARN_ABOUT_RETURN_TYPE = YES_ERROR;
				GCC_WARN_UNDECLARED_SELECTOR = YES;
				GCC_WARN_UNINITIALIZED_AUTOS = YES_AGGRESSIVE;
				GCC_WARN_UNUSED_FUNCTION = YES;
				GCC_WARN_UNUSED_VARIABLE = YES;
				IPHONEOS_DEPLOYMENT_TARGET = 26.0;
				LOCALIZATION_PREFERS_STRING_CATALOGS = YES;
				MTL_ENABLE_DEBUG_INFO = NO;
				MTL_FAST_MATH = YES;
				SDKROOT = iphoneos;
				SWIFT_COMPILATION_MODE = wholemodule;
				VALIDATE_PRODUCT = YES;
			};
			name = Release;
		};
		F4A646102EA7BFAA002A9EBD /* Debug */ = {
			isa = XCBuildConfiguration;
			buildSettings = {
				ASSETCATALOG_COMPILER_APPICON_NAME = AppIcon;
				ASSETCATALOG_COMPILER_GLOBAL_ACCENT_COLOR_NAME = AccentColor;
				CODE_SIGN_STYLE = Automatic;
				CURRENT_PROJECT_VERSION = 1;
				DEVELOPMENT_TEAM = 95H4F25F77;
				ENABLE_PREVIEWS = YES;
				GENERATE_INFOPLIST_FILE = YES;
				INFOPLIST_FILE = FoodsPin/Info.plist;
				INFOPLIST_KEY_NSCameraUsageDescription = "You need to grant the app access to your camera in order to take photos.";
				INFOPLIST_KEY_NSPhotoLibraryUsageDescription = "You need to grant the app access to your photo library so you can pick your favorite restaurant photo.";
				INFOPLIST_KEY_UIApplicationSceneManifest_Generation = YES;
				INFOPLIST_KEY_UIApplicationSupportsIndirectInputEvents = YES;
				INFOPLIST_KEY_UILaunchScreen_Generation = YES;
				INFOPLIST_KEY_UISupportedInterfaceOrientations_iPad = "UIInterfaceOrientationPortrait UIInterfaceOrientationPortraitUpsideDown UIInterfaceOrientationLandscapeLeft UIInterfaceOrientationLandscapeRight";
				INFOPLIST_KEY_UISupportedInterfaceOrientations_iPhone = "UIInterfaceOrientationPortrait UIInterfaceOrientationLandscapeLeft UIInterfaceOrientationLandscapeRight";
				LD_RUNPATH_SEARCH_PATHS = (
					"$(inherited)",
					"@executable_path/Frameworks",
				);
				MARKETING_VERSION = 1.0;
				PRODUCT_BUNDLE_IDENTIFIER = io.linasdev.FoodsPin;
				PRODUCT_NAME = "$(TARGET_NAME)";
				STRING_CATALOG_GENERATE_SYMBOLS = YES;
				SWIFT_APPROACHABLE_CONCURRENCY = YES;
				SWIFT_DEFAULT_ACTOR_ISOLATION = MainActor;
				SWIFT_EMIT_LOC_STRINGS = YES;
				SWIFT_UPCOMING_FEATURE_MEMBER_IMPORT_VISIBILITY = YES;
				SWIFT_VERSION = 5.0;
				TARGETED_DEVICE_FAMILY = "1,2";
			};
			name = Debug;
		};
		F4A646112EA7BFAA002A9EBD /* Release */ = {
			isa = XCBuildConfiguration;
			buildSettings = {
				ASSETCATALOG_COMPILER_APPICON_NAME = AppIcon;
				ASSETCATALOG_COMPILER_GLOBAL_ACCENT_COLOR_NAME = AccentColor;
				CODE_SIGN_STYLE = Automatic;
				CURRENT_PROJECT_VERSION = 1;
				DEVELOPMENT_TEAM = 95H4F25F77;
				ENABLE_PREVIEWS = YES;
				GENERATE_INFOPLIST_FILE = YES;
				INFOPLIST_FILE = FoodsPin/Info.plist;
				INFOPLIST_KEY_NSCameraUsageDescription = "You need to grant the app access to your camera in order to take photos.";
				INFOPLIST_KEY_NSPhotoLibraryUsageDescription = "You need to grant the app access to your photo library so you can pick your favorite restaurant photo.";
				INFOPLIST_KEY_UIApplicationSceneManifest_Generation = YES;
				INFOPLIST_KEY_UIApplicationSupportsIndirectInputEvents = YES;
				INFOPLIST_KEY_UILaunchScreen_Generation = YES;
				INFOPLIST_KEY_UISupportedInterfaceOrientations_iPad = "UIInterfaceOrientationPortrait UIInterfaceOrientationPortraitUpsideDown UIInterfaceOrientationLandscapeLeft UIInterfaceOrientationLandscapeRight";
				INFOPLIST_KEY_UISupportedInterfaceOrientations_iPhone = "UIInterfaceOrientationPortrait UIInterfaceOrientationLandscapeLeft UIInterfaceOrientationLandscapeRight";
				LD_RUNPATH_SEARCH_PATHS = (
					"$(inherited)",
					"@executable_path/Frameworks",
				);
				MARKETING_VERSION = 1.0;
				PRODUCT_BUNDLE_IDENTIFIER = io.linasdev.FoodsPin;
				PRODUCT_NAME = "$(TARGET_NAME)";
				STRING_CATALOG_GENERATE_SYMBOLS = YES;
				SWIFT_APPROACHABLE_CONCURRENCY = YES;
				SWIFT_DEFAULT_ACTOR_ISOLATION = MainActor;
				SWIFT_EMIT_LOC_STRINGS = YES;
				SWIFT_UPCOMING_FEATURE_MEMBER_IMPORT_VISIBILITY = YES;
				SWIFT_VERSION = 5.0;
				TARGETED_DEVICE_FAMILY = "1,2";
			};
			name = Release;
		};
/* End XCBuildConfiguration section */

/* Begin XCConfigurationList section */
		F4A645FF2EA7BFA9002A9EBD /* Build configuration list for PBXProject "FoodsPin" */ = {
			isa = XCConfigurationList;
			buildConfigurations = (
				F4A6460D2EA7BFAA002A9EBD /* Debug */,
				F4A6460E2EA7BFAA002A9EBD /* Release */,
			);
			defaultConfigurationIsVisible = 0;
			defaultConfigurationName = Release;
		};
		F4A6460F2EA7BFAA002A9EBD /* Build configuration list for PBXNativeTarget "FoodsPin" */ = {
			isa = XCConfigurationList;
			buildConfigurations = (
				F4A646102EA7BFAA002A9EBD /* Debug */,
				F4A646112EA7BFAA002A9EBD /* Release */,
			);
			defaultConfigurationIsVisible = 0;
			defaultConfigurationName = Release;
		};
/* End XCConfigurationList section */
	};
	rootObject = F4A645FC2EA7BFA9002A9EBD /* Project object */;
}
